
Microsoft Visual Studio Solution File, Format Version 12.00
# Visual Studio Version 16
VisualStudioVersion = 16.0.30104.148
MinimumVisualStudioVersion = 10.0.40219.1
Project("{FAE04EC0-301F-11D3-BF4B-00C04F79EFBC}") = "LogFileViewer", "LogFileViewer.csproj", "{B7B9747B-2DD2-4D1D-8FC2-01F66709004B}"
EndProject
Global
	GlobalSection(SolutionConfigurationPlatforms) = preSolution
		Debug|Any CPU = Debug|Any CPU
		Release|Any CPU = Release|Any CPU
	EndGlobalSection
	GlobalSection(ProjectConfigurationPlatforms) = postSolution
		{B7B9747B-2DD2-4D1D-8FC2-01F66709004B}.Debug|Any CPU.ActiveCfg = Debug|Any CPU
		{B7B9747B-2DD2-4D1D-8FC2-01F66709004B}.Debug|Any CPU.Build.0 = Debug|Any CPU
		{B7B9747B-2DD2-4D1D-8FC2-01F66709004B}.Release|Any CPU.ActiveCfg = Release|Any CPU
		{B7B9747B-2DD2-4D1D-8FC2-01F66709004B}.Release|Any CPU.Build.0 = Release|Any CPU
	EndGlobalSection
	GlobalSection(SolutionProperties) = preSolution
		HideSolutionNode = FALSE
	EndGlobalSection
	GlobalSection(ExtensibilityGlobals) = postSolution
		SolutionGuid = {5A2D73B1-B19D-4A40-B260-BBE871B816E1}
	EndGlobalSection
EndGlobal
